
Microsoft Visual Studio Solution File, Format Version 12.00
# Visual Studio 15
VisualStudioVersion = 15.0.28010.2041
MinimumVisualStudioVersion = 10.0.40219.1
Project("{00D1A9C2-B5F0-4AF3-8072-F6C62B433612}") = "vsProjekt70762", "vsProjekt70762\vsProjekt70762.sqlproj", "{480A203B-E9CE-4C39-8930-2A95A5ABB14A}"
EndProject
Global
	GlobalSection(SolutionConfigurationPlatforms) = preSolution
		Debug|Any CPU = Debug|Any CPU
		Release|Any CPU = Release|Any CPU
	EndGlobalSection
	GlobalSection(ProjectConfigurationPlatforms) = postSolution
		{480A203B-E9CE-4C39-8930-2A95A5ABB14A}.Debug|Any CPU.ActiveCfg = Debug|Any CPU
		{480A203B-E9CE-4C39-8930-2A95A5ABB14A}.Debug|Any CPU.Build.0 = Debug|Any CPU
		{480A203B-E9CE-4C39-8930-2A95A5ABB14A}.Debug|Any CPU.Deploy.0 = Debug|Any CPU
		{480A203B-E9CE-4C39-8930-2A95A5ABB14A}.Release|Any CPU.ActiveCfg = Release|Any CPU
		{480A203B-E9CE-4C39-8930-2A95A5ABB14A}.Release|Any CPU.Build.0 = Release|Any CPU
		{480A203B-E9CE-4C39-8930-2A95A5ABB14A}.Release|Any CPU.Deploy.0 = Release|Any CPU
	EndGlobalSection
	GlobalSection(SolutionProperties) = preSolution
		HideSolutionNode = FALSE
	EndGlobalSection
	GlobalSection(ExtensibilityGlobals) = postSolution
		SolutionGuid = {F48C39EE-963D-4ADC-B7C7-30D51417BB77}
	EndGlobalSection
EndGlobal
